PODS:
  - CalculatorSample (1.0)

DEPENDENCIES:
  - CalculatorSample (from `../shared`)

EXTERNAL SOURCES:
  CalculatorSample:
    :path: "../shared"

SPEC CHECKSUMS:
  CalculatorSample: eda2b136f75c52461b87a02b8b0ae84c1da4e163

PODFILE CHECKSUM: 909deb946411a41325f88233bfb67f3309546efb

COCOAPODS: 1.16.2
